
Microsoft Visual Studio Solution File, Format Version 12.00
# Visual Studio Express 2012 for Windows Desktop
Project("{FAE04EC0-301F-11D3-BF4B-00C04F79EFBC}") = "Student", "Student\Student.csproj", "{4A81097A-BCC2-40A6-AA45-0B1240930A8A}"
EndProject
Project("{FAE04EC0-301F-11D3-BF4B-00C04F79EFBC}") = "Person", "Person\Person.csproj", "{2407E60E-12B3-4368-AB02-25422590EAFF}"
EndProject
Project("{FAE04EC0-301F-11D3-BF4B-00C04F79EFBC}") = "BitArray64", "BitArray64\BitArray64.csproj", "{A1A1E8E9-CB41-4D41-B7FD-463EA6EB5466}"
EndProject
Global
	GlobalSection(SolutionConfigurationPlatforms) = preSolution
		Debug|Any CPU = Debug|Any CPU
		Release|Any CPU = Release|Any CPU
	EndGlobalSection
	GlobalSection(ProjectConfigurationPlatforms) = postSolution
		{4A81097A-BCC2-40A6-AA45-0B1240930A8A}.Debug|Any CPU.ActiveCfg = Debug|Any CPU
		{4A81097A-BCC2-40A6-AA45-0B1240930A8A}.Debug|Any CPU.Build.0 = Debug|Any CPU
		{4A81097A-BCC2-40A6-AA45-0B1240930A8A}.Release|Any CPU.ActiveCfg = Release|Any CPU
		{4A81097A-BCC2-40A6-AA45-0B1240930A8A}.Release|Any CPU.Build.0 = Release|Any CPU
		{2407E60E-12B3-4368-AB02-25422590EAFF}.Debug|Any CPU.ActiveCfg = Debug|Any CPU
		{2407E60E-12B3-4368-AB02-25422590EAFF}.Debug|Any CPU.Build.0 = Debug|Any CPU
		{2407E60E-12B3-4368-AB02-25422590EAFF}.Release|Any CPU.ActiveCfg = Release|Any CPU
		{2407E60E-12B3-4368-AB02-25422590EAFF}.Release|Any CPU.Build.0 = Release|Any CPU
		{A1A1E8E9-CB41-4D41-B7FD-463EA6EB5466}.Debug|Any CPU.ActiveCfg = Debug|Any CPU
		{A1A1E8E9-CB41-4D41-B7FD-463EA6EB5466}.Debug|Any CPU.Build.0 = Debug|Any CPU
		{A1A1E8E9-CB41-4D41-B7FD-463EA6EB5466}.Release|Any CPU.ActiveCfg = Release|Any CPU
		{A1A1E8E9-CB41-4D41-B7FD-463EA6EB5466}.Release|Any CPU.Build.0 = Release|Any CPU
	EndGlobalSection
	GlobalSection(SolutionProperties) = preSolution
		HideSolutionNode = FALSE
	EndGlobalSection
EndGlobal
